
Microsoft Visual Studio Solution File, Format Version 12.00
# Visual Studio Version 17
VisualStudioVersion = 17.2.32519.379
MinimumVisualStudioVersion = 10.0.40219.1
Project("{9A19103F-16F7-4668-BE54-9A1E7A4F7556}") = "Formulario", "GES.Cedulas.Web\Formulario.csproj", "{4ADCBC7C-AC78-4723-8729-94889F3B4311}"
EndProject
Global
	GlobalSection(SolutionConfigurationPlatforms) = preSolution
		Debug|Any CPU = Debug|Any CPU
		Release|Any CPU = Release|Any CPU
	EndGlobalSection
	GlobalSection(ProjectConfigurationPlatforms) = postSolution
		{4ADCBC7C-AC78-4723-8729-94889F3B4311}.Debug|Any CPU.ActiveCfg = Debug|Any CPU
		{4ADCBC7C-AC78-4723-8729-94889F3B4311}.Debug|Any CPU.Build.0 = Debug|Any CPU
		{4ADCBC7C-AC78-4723-8729-94889F3B4311}.Release|Any CPU.ActiveCfg = Release|Any CPU
		{4ADCBC7C-AC78-4723-8729-94889F3B4311}.Release|Any CPU.Build.0 = Release|Any CPU
	EndGlobalSection
	GlobalSection(SolutionProperties) = preSolution
		HideSolutionNode = FALSE
	EndGlobalSection
	GlobalSection(ExtensibilityGlobals) = postSolution
		SolutionGuid = {0EBBA750-9EC0-43A3-9211-79FFD5B7B830}
	EndGlobalSection
EndGlobal
